
Microsoft Visual Studio Solution File, Format Version 12.00
# Visual Studio Version 16
VisualStudioVersion = 16.0.30114.105
MinimumVisualStudioVersion = 10.0.40219.1
Project("{2150E333-8FDC-42A3-9474-1A3956D46DE8}") = "src", "src", "{8E5EB90D-2507-42F3-8C85-85AB3B91B385}"
EndProject
Project("{FAE04EC0-301F-11D3-BF4B-00C04F79EFBC}") = "Lfc-console", "src\Lfc-console\Lfc-console.csproj", "{B9489D79-6125-4D25-9109-554494CE56FF}"
EndProject
Global
	GlobalSection(SolutionConfigurationPlatforms) = preSolution
		Debug|Any CPU = Debug|Any CPU
		Release|Any CPU = Release|Any CPU
	EndGlobalSection
	GlobalSection(SolutionProperties) = preSolution
		HideSolutionNode = FALSE
	EndGlobalSection
	GlobalSection(ProjectConfigurationPlatforms) = postSolution
		{B9489D79-6125-4D25-9109-554494CE56FF}.Debug|Any CPU.ActiveCfg = Debug|Any CPU
		{B9489D79-6125-4D25-9109-554494CE56FF}.Debug|Any CPU.Build.0 = Debug|Any CPU
		{B9489D79-6125-4D25-9109-554494CE56FF}.Release|Any CPU.ActiveCfg = Release|Any CPU
		{B9489D79-6125-4D25-9109-554494CE56FF}.Release|Any CPU.Build.0 = Release|Any CPU
	EndGlobalSection
	GlobalSection(NestedProjects) = preSolution
		{B9489D79-6125-4D25-9109-554494CE56FF} = {8E5EB90D-2507-42F3-8C85-85AB3B91B385}
	EndGlobalSection
EndGlobal
